
Microsoft Visual Studio Solution File, Format Version 12.00
# Visual Studio Version 16
VisualStudioVersion = 16.0.28407.52
MinimumVisualStudioVersion = 10.0.40219.1
Project("{FAE04EC0-301F-11D3-BF4B-00C04F79EFBC}") = "Macarena", "Macarena\Macarena.csproj", "{92B00DD5-EB96-413D-8708-77DEA90A78AE}"
EndProject
Global
	GlobalSection(SolutionConfigurationPlatforms) = preSolution
		Debug|Any CPU = Debug|Any CPU
		Release|Any CPU = Release|Any CPU
	EndGlobalSection
	GlobalSection(ProjectConfigurationPlatforms) = postSolution
		{92B00DD5-EB96-413D-8708-77DEA90A78AE}.Debug|Any CPU.ActiveCfg = Debug|Any CPU
		{92B00DD5-EB96-413D-8708-77DEA90A78AE}.Debug|Any CPU.Build.0 = Debug|Any CPU
		{92B00DD5-EB96-413D-8708-77DEA90A78AE}.Release|Any CPU.ActiveCfg = Release|Any CPU
		{92B00DD5-EB96-413D-8708-77DEA90A78AE}.Release|Any CPU.Build.0 = Release|Any CPU
	EndGlobalSection
	GlobalSection(SolutionProperties) = preSolution
		HideSolutionNode = FALSE
	EndGlobalSection
	GlobalSection(ExtensibilityGlobals) = postSolution
		SolutionGuid = {81AA00D9-C51C-4FDC-92AB-FC004E2BDE59}
	EndGlobalSection
	GlobalSection(Performance) = preSolution
		HasPerformanceSessions = true
	EndGlobalSection
EndGlobal
